// !$*UTF8*$!
{
	archiveVersion = 1;
	classes = {
	};
	objectVersion = 46;
	objects = {

/* Begin PBXBuildFile section */
		6E8C281A1D377A8100DBAD6F /* BGStringUtils.m in Sources */ = {isa = PBXBuildFile; fileRef = 6E8C28191D377A8100DBAD6F /* BGStringUtils.m */; };
		6EB16E491D3776790074DC88 /* main.m in Sources */ = {isa = PBXBuildFile; fileRef = 6EB16E481D3776790074DC88 /* main.m */; };
		6EB16E4C1D3776790074DC88 /* AppDelegate.m in Sources */ = {isa = PBXBuildFile; fileRef = 6EB16E4B1D3776790074DC88 /* AppDelegate.m */; };
		6EB16E4F1D3776790074DC88 /* ViewController.m in Sources */ = {isa = PBXBuildFile; fileRef = 6EB16E4E1D3776790074DC88 /* ViewController.m */; };
		6EB16E521D3776790074DC88 /* Main.storyboard in Resources */ = {isa = PBXBuildFile; fileRef = 6EB16E501D3776790074DC88 /* Main.storyboard */; };
		6EB16E541D3776790074DC88 /* Assets.xcassets in Resources */ = {isa = PBXBuildFile; fileRef = 6EB16E531D3776790074DC88 /* Assets.xcassets */; };
		6EB16E571D3776790074DC88 /* LaunchScreen.storyboard in Resources */ = {isa = PBXBuildFile; fileRef = 6EB16E551D3776790074DC88 /* LaunchScreen.storyboard */; };
		6EB16E621D3776790074DC88 /* BoneGrayPodTestTests.m in Sources */ = {isa = PBXBuildFile; fileRef = 6EB16E611D3776790074DC88 /* BoneGrayPodTestTests.m */; };
		6EB16E6D1D3776790074DC88 /* BoneGrayPodTestUITests.m in Sources */ = {isa = PBXBuildFile; fileRef = 6EB16E6C1D3776790074DC88 /* BoneGrayPodTestUITests.m */; };
/* End PBXBuildFile section */

/* Begin PBXContainerItemProxy section */
		6EB16E5E1D3776790074DC88 /* PBXContainerItemProxy */ = {
			isa = PBXContainerItemProxy;
			containerPortal = 6EB16E3C1D3776790074DC88 /* Project object */;
			proxyType = 1;
			remoteGlobalIDString = 6EB16E431D3776790074DC88;
			remoteInfo = BoneGrayPodTest;
		};
		6EB16E691D3776790074DC88 /* PBXContainerItemProxy */ = {
			isa = PBXContainerItemProxy;
			containerPortal = 6EB16E3C1D3776790074DC88 /* Project object */;
			proxyType = 1;
			remoteGlobalIDString = 6EB16E431D3776790074DC88;
			remoteInfo = BoneGrayPodTest;
		};
/* End PBXContainerItemProxy section */

/* Begin PBXFileReference section */
		6E8C28181D377A8100DBAD6F /* BGStringUtils.h */ = {isa = PBXFileReference; fileEncoding = 4; lastKnownFileType = sourcecode.c.h; path = BGStringUtils.h; sourceTree = "<group>"; };
		6E8C28191D377A8100DBAD6F /* BGStringUtils.m */ = {isa = PBXFileReference; fileEncoding = 4; lastKnownFileType = sourcecode.c.objc; path = BGStringUtils.m; sourceTree = "<group>"; };
		6EB16E441D3776790074DC88 /* BoneGrayPodTest.app */ = {isa = PBXFileReference; explicitFileType = wrapper.application; includeInIndex = 0; path = BoneGrayPodTest.app; sourceTree = BUILT_PRODUCTS_DIR; };
		6EB16E481D3776790074DC88 /* main.m */ = {isa = PBXFileReference; lastKnownFileType = sourcecode.c.objc; path = main.m; sourceTree = "<group>"; };
		6EB16E4A1D3776790074DC88 /* AppDelegate.h */ = {isa = PBXFileReference; lastKnownFileType = sourcecode.c.h; path = AppDelegate.h; sourceTree = "<group>"; };
		6EB16E4B1D3776790074DC88 /* AppDelegate.m */ = {isa = PBXFileReference; lastKnownFileType = sourcecode.c.objc; path = AppDelegate.m; sourceTree = "<group>"; };
		6EB16E4D1D3776790074DC88 /* ViewController.h */ = {isa = PBXFileReference; lastKnownFileType = sourcecode.c.h; path = ViewController.h; sourceTree = "<group>"; };
		6EB16E4E1D3776790074DC88 /* ViewController.m */ = {isa = PBXFileReference; lastKnownFileType = sourcecode.c.objc; path = ViewController.m; sourceTree = "<group>"; };
		6EB16E511D3776790074DC88 /* Base */ = {isa = PBXFileReference; lastKnownFileType = file.storyboard; name = Base; path = Base.lproj/Main.storyboard; sourceTree = "<group>"; };
		6EB16E531D3776790074DC88 /* Assets.xcassets */ = {isa = PBXFileReference; lastKnownFileType = folder.assetcatalog; path = Assets.xcassets; sourceTree = "<group>"; };
		6EB16E561D3776790074DC88 /* Base */ = {isa = PBXFileReference; lastKnownFileType = file.storyboard; name = Base; path = Base.lproj/LaunchScreen.storyboard; sourceTree = "<group>"; };
		6EB16E581D3776790074DC88 /* Info.plist */ = {isa = PBXFileReference; lastKnownFileType = text.plist.xml; path = Info.plist; sourceTree = "<group>"; };
		6EB16E5D1D3776790074DC88 /* BoneGrayPodTestTests.xctest */ = {isa = PBXFileReference; explicitFileType = wrapper.cfbundle; includeInIndex = 0; path = BoneGrayPodTestTests.xctest; sourceTree = BUILT_PRODUCTS_DIR; };
		6EB16E611D3776790074DC88 /* BoneGrayPodTestTests.m */ = {isa = PBXFileReference; lastKnownFileType = sourcecode.c.objc; path = BoneGrayPodTestTests.m; sourceTree = "<group>"; };
		6EB16E631D3776790074DC88 /* Info.plist */ = {isa = PBXFileReference; lastKnownFileType = text.plist.xml; path = Info.plist; sourceTree = "<group>"; };
		6EB16E681D3776790074DC88 /* BoneGrayPodTestUITests.xctest */ = {isa = PBXFileReference; explicitFileType = wrapper.cfbundle; includeInIndex = 0; path = BoneGrayPodTestUITests.xctest; sourceTree = BUILT_PRODUCTS_DIR; };
		6EB16E6C1D3776790074DC88 /* BoneGrayPodTestUITests.m */ = {isa = PBXFileReference; lastKnownFileType = sourcecode.c.objc; path = BoneGrayPodTestUITests.m; sourceTree = "<group>"; };
		6EB16E6E1D3776790074DC88 /* Info.plist */ = {isa = PBXFileReference; lastKnownFileType = text.plist.xml; path = Info.plist; sourceTree = "<group>"; };
/* End PBXFileReference section */

/* Begin PBXFrameworksBuildPhase section */
		6EB16E411D3776790074DC88 /* Frameworks */ = {
			isa = PBXFrameworksBuildPhase;
			buildActionMask = 2147483647;
			files = (
			);
			runOnlyForDeploymentPostprocessing = 0;
		};
		6EB16E5A1D3776790074DC88 /* Frameworks */ = {
			isa = PBXFrameworksBuildPhase;
			buildActionMask = 2147483647;
			files = (
			);
			runOnlyForDeploymentPostprocessing = 0;
		};
		6EB16E651D3776790074DC88 /* Frameworks */ = {
			isa = PBXFrameworksBuildPhase;
			buildActionMask = 2147483647;
			files = (
			);
			runOnlyForDeploymentPostprocessing = 0;
		};
/* End PBXFrameworksBuildPhase section */

/* Begin PBXGroup section */
		6EB16E3B1D3776790074DC88 = {
			isa = PBXGroup;
			children = (
				6EB16E461D3776790074DC88 /* BoneGrayPodTest */,
				6EB16E601D3776790074DC88 /* BoneGrayPodTestTests */,
				6EB16E6B1D3776790074DC88 /* BoneGrayPodTestUITests */,
				6EB16E451D3776790074DC88 /* Products */,
			);
			sourceTree = "<group>";
		};
		6EB16E451D3776790074DC88 /* Products */ = {
			isa = PBXGroup;
			children = (
				6EB16E441D3776790074DC88 /* BoneGrayPodTest.app */,
				6EB16E5D1D3776790074DC88 /* BoneGrayPodTestTests.xctest */,
				6EB16E681D3776790074DC88 /* BoneGrayPodTestUITests.xctest */,
			);
			name = Products;
			sourceTree = "<group>";
		};
		6EB16E461D3776790074DC88 /* BoneGrayPodTest */ = {
			isa = PBXGroup;
			children = (
				6EB16E7A1D3776C70074DC88 /* Classes */,
				6EB16E4A1D3776790074DC88 /* AppDelegate.h */,
				6EB16E4B1D3776790074DC88 /* AppDelegate.m */,
				6EB16E4D1D3776790074DC88 /* ViewController.h */,
				6EB16E4E1D3776790074DC88 /* ViewController.m */,
				6EB16E501D3776790074DC88 /* Main.storyboard */,
				6EB16E531D3776790074DC88 /* Assets.xcassets */,
				6EB16E551D3776790074DC88 /* LaunchScreen.storyboard */,
				6EB16E581D3776790074DC88 /* Info.plist */,
				6EB16E471D3776790074DC88 /* Supporting Files */,
			);
			path = BoneGrayPodTest;
			sourceTree = "<group>";
		};
		6EB16E471D3776790074DC88 /* Supporting Files */ = {
			isa = PBXGroup;
			children = (
				6EB16E481D3776790074DC88 /* main.m */,
			);
			name = "Supporting Files";
			sourceTree = "<group>";
		};
		6EB16E601D3776790074DC88 /* BoneGrayPodTestTests */ = {
			isa = PBXGroup;
			children = (
				6EB16E611D3776790074DC88 /* BoneGrayPodTestTests.m */,
				6EB16E631D3776790074DC88 /* Info.plist */,
			);
			path = BoneGrayPodTestTests;
			sourceTree = "<group>";
		};
		6EB16E6B1D3776790074DC88 /* BoneGrayPodTestUITests */ = {
			isa = PBXGroup;
			children = (
				6EB16E6C1D3776790074DC88 /* BoneGrayPodTestUITests.m */,
				6EB16E6E1D3776790074DC88 /* Info.plist */,
			);
			path = BoneGrayPodTestUITests;
			sourceTree = "<group>";
		};
		6EB16E7A1D3776C70074DC88 /* Classes */ = {
			isa = PBXGroup;
			children = (
				6E8C28181D377A8100DBAD6F /* BGStringUtils.h */,
				6E8C28191D377A8100DBAD6F /* BGStringUtils.m */,
			);
			path = Classes;
			sourceTree = "<group>";
		};
/* End PBXGroup section */

/* Begin PBXNativeTarget section */
		6EB16E431D3776790074DC88 /* BoneGrayPodTest */ = {
			isa = PBXNativeTarget;
			buildConfigurationList = 6EB16E711D3776790074DC88 /* Build configuration list for PBXNativeTarget "BoneGrayPodTest" */;
			buildPhases = (
				6EB16E401D3776790074DC88 /* Sources */,
				6EB16E411D3776790074DC88 /* Frameworks */,
				6EB16E421D3776790074DC88 /* Resources */,
			);
			buildRules = (
			);
			dependencies = (
			);
			name = BoneGrayPodTest;
			productName = BoneGrayPodTest;
			productReference = 6EB16E441D3776790074DC88 /* BoneGrayPodTest.app */;
			productType = "com.apple.product-type.application";
		};
		6EB16E5C1D3776790074DC88 /* BoneGrayPodTestTests */ = {
			isa = PBXNativeTarget;
			buildConfigurationList = 6EB16E741D3776790074DC88 /* Build configuration list for PBXNativeTarget "BoneGrayPodTestTests" */;
			buildPhases = (
				6EB16E591D3776790074DC88 /* Sources */,
				6EB16E5A1D3776790074DC88 /* Frameworks */,
				6EB16E5B1D3776790074DC88 /* Resources */,
			);
			buildRules = (
			);
			dependencies = (
				6EB16E5F1D3776790074DC88 /* PBXTargetDependency */,
			);
			name = BoneGrayPodTestTests;
			productName = BoneGrayPodTestTests;
			productReference = 6EB16E5D1D3776790074DC88 /* BoneGrayPodTestTests.xctest */;
			productType = "com.apple.product-type.bundle.unit-test";
		};
		6EB16E671D3776790074DC88 /* BoneGrayPodTestUITests */ = {
			isa = PBXNativeTarget;
			buildConfigurationList = 6EB16E771D3776790074DC88 /* Build configuration list for PBXNativeTarget "BoneGrayPodTestUITests" */;
			buildPhases = (
				6EB16E641D3776790074DC88 /* Sources */,
				6EB16E651D3776790074DC88 /* Frameworks */,
				6EB16E661D3776790074DC88 /* Resources */,
			);
			buildRules = (
			);
			dependencies = (
				6EB16E6A1D3776790074DC88 /* PBXTargetDependency */,
			);
			name = BoneGrayPodTestUITests;
			productName = BoneGrayPodTestUITests;
			productReference = 6EB16E681D3776790074DC88 /* BoneGrayPodTestUITests.xctest */;
			productType = "com.apple.product-type.bundle.ui-testing";
		};
/* End PBXNativeTarget section */

/* Begin PBXProject section */
		6EB16E3C1D3776790074DC88 /* Project object */ = {
			isa = PBXProject;
			attributes = {
				LastUpgradeCheck = 0730;
				ORGANIZATIONNAME = lyym;
				TargetAttributes = {
					6EB16E431D3776790074DC88 = {
						CreatedOnToolsVersion = 7.3.1;
					};
					6EB16E5C1D3776790074DC88 = {
						CreatedOnToolsVersion = 7.3.1;
						TestTargetID = 6EB16E431D3776790074DC88;
					};
					6EB16E671D3776790074DC88 = {
						CreatedOnToolsVersion = 7.3.1;
						TestTargetID = 6EB16E431D3776790074DC88;
					};
				};
			};
			buildConfigurationList = 6EB16E3F1D3776790074DC88 /* Build configuration list for PBXProject "BoneGrayPodTest" */;
			compatibilityVersion = "Xcode 3.2";
			developmentRegion = English;
			hasScannedForEncodings = 0;
			knownRegions = (
				en,
				Base,
			);
			mainGroup = 6EB16E3B1D3776790074DC88;
			productRefGroup = 6EB16E451D3776790074DC88 /* Products */;
			projectDirPath = "";
			projectRoot = "";
			targets = (
				6EB16E431D3776790074DC88 /* BoneGrayPodTest */,
				6EB16E5C1D3776790074DC88 /* BoneGrayPodTestTests */,
				6EB16E671D3776790074DC88 /* BoneGrayPodTestUITests */,
			);
		};
/* End PBXProject section */

/* Begin PBXResourcesBuildPhase section */
		6EB16E421D3776790074DC88 /* Resources */ = {
			isa = PBXResourcesBuildPhase;
			buildActionMask = 2147483647;
			files = (
				6EB16E571D3776790074DC88 /* LaunchScreen.storyboard in Resources */,
				6EB16E541D3776790074DC88 /* Assets.xcassets in Resources */,
				6EB16E521D3776790074DC88 /* Main.storyboard in Resources */,
			);
			runOnlyForDeploymentPostprocessing = 0;
		};
		6EB16E5B1D3776790074DC88 /* Resources */ = {
			isa = PBXResourcesBuildPhase;
			buildActionMask = 2147483647;
			files = (
			);
			runOnlyForDeploymentPostprocessing = 0;
		};
		6EB16E661D3776790074DC88 /* Resources */ = {
			isa = PBXResourcesBuildPhase;
			buildActionMask = 2147483647;
			files = (
			);
			runOnlyForDeploymentPostprocessing = 0;
		};
/* End PBXResourcesBuildPhase section */

/* Begin PBXSourcesBuildPhase section */
		6EB16E401D3776790074DC88 /* Sources */ = {
			isa = PBXSourcesBuildPhase;
			buildActionMask = 2147483647;
			files = (
				6EB16E4F1D3776790074DC88 /* ViewController.m in Sources */,
				6EB16E4C1D3776790074DC88 /* AppDelegate.m in Sources */,
				6EB16E491D3776790074DC88 /* main.m in Sources */,
				6E8C281A1D377A8100DBAD6F /* BGStringUtils.m in Sources */,
			);
			runOnlyForDeploymentPostprocessing = 0;
		};
		6EB16E591D3776790074DC88 /* Sources */ = {
			isa = PBXSourcesBuildPhase;
			buildActionMask = 2147483647;
			files = (
				6EB16E621D3776790074DC88 /* BoneGrayPodTestTests.m in Sources */,
			);
			runOnlyForDeploymentPostprocessing = 0;
		};
		6EB16E641D3776790074DC88 /* Sources */ = {
			isa = PBXSourcesBuildPhase;
			buildActionMask = 2147483647;
			files = (
				6EB16E6D1D3776790074DC88 /* BoneGrayPodTestUITests.m in Sources */,
			);
			runOnlyForDeploymentPostprocessing = 0;
		};
/* End PBXSourcesBuildPhase section */

/* Begin PBXTargetDependency section */
		6EB16E5F1D3776790074DC88 /* PBXTargetDependency */ = {
			isa = PBXTargetDependency;
			target = 6EB16E431D3776790074DC88 /* BoneGrayPodTest */;
			targetProxy = 6EB16E5E1D3776790074DC88 /* PBXContainerItemProxy */;
		};
		6EB16E6A1D3776790074DC88 /* PBXTargetDependency */ = {
			isa = PBXTargetDependency;
			target = 6EB16E431D3776790074DC88 /* BoneGrayPodTest */;
			targetProxy = 6EB16E691D3776790074DC88 /* PBXContainerItemProxy */;
		};
/* End PBXTargetDependency section */

/* Begin PBXVariantGroup section */
		6EB16E501D3776790074DC88 /* Main.storyboard */ = {
			isa = PBXVariantGroup;
			children = (
				6EB16E511D3776790074DC88 /* Base */,
			);
			name = Main.storyboard;
			sourceTree = "<group>";
		};
		6EB16E551D3776790074DC88 /* LaunchScreen.storyboard */ = {
			isa = PBXVariantGroup;
			children = (
				6EB16E561D3776790074DC88 /* Base */,
			);
			name = LaunchScreen.storyboard;
			sourceTree = "<group>";
		};
/* End PBXVariantGroup section */

/* Begin XCBuildConfiguration section */
		6EB16E6F1D3776790074DC88 /* Debug */ = {
			isa = XCBuildConfiguration;
			buildSettings = {
				ALWAYS_SEARCH_USER_PATHS = NO;
				CLANG_ANALYZER_NONNULL = YES;
				CLANG_CXX_LANGUAGE_STANDARD = "gnu++0x";
				CLANG_CXX_LIBRARY = "libc++";
				CLANG_ENABLE_MODULES = YES;
				CLANG_ENABLE_OBJC_ARC = YES;
				CLANG_WARN_BOOL_CONVERSION = YES;
				CLANG_WARN_CONSTANT_CONVERSION = YES;
				CLANG_WARN_DIRECT_OBJC_ISA_USAGE = YES_ERROR;
				CLANG_WARN_EMPTY_BODY = YES;
				CLANG_WARN_ENUM_CONVERSION = YES;
				CLANG_WARN_INT_CONVERSION = YES;
				CLANG_WARN_OBJC_ROOT_CLASS = YES_ERROR;
				CLANG_WARN_UNREACHABLE_CODE = YES;
				CLANG_WARN__DUPLICATE_METHOD_MATCH = YES;
				"CODE_SIGN_IDENTITY[sdk=iphoneos*]" = "iPhone Developer";
				COPY_PHASE_STRIP = NO;
				DEBUG_INFORMATION_FORMAT = dwarf;
				ENABLE_STRICT_OBJC_MSGSEND = YES;
				ENABLE_TESTABILITY = YES;
				GCC_C_LANGUAGE_STANDARD = gnu99;
				GCC_DYNAMIC_NO_PIC = NO;
				GCC_NO_COMMON_BLOCKS = YES;
				GCC_OPTIMIZATION_LEVEL = 0;
				GCC_PREPROCESSOR_DEFINITIONS = (
					"DEBUG=1",
					"$(inherited)",
				);
				GCC_WARN_64_TO_32_BIT_CONVERSION = YES;
				GCC_WARN_ABOUT_RETURN_TYPE = YES_ERROR;
				GCC_WARN_UNDECLARED_SELECTOR = YES;
				GCC_WARN_UNINITIALIZED_AUTOS = YES_AGGRESSIVE;
				GCC_WARN_UNUSED_FUNCTION = YES;
				GCC_WARN_UNUSED_VARIABLE = YES;
				IPHONEOS_DEPLOYMENT_TARGET = 9.3;
				MTL_ENABLE_DEBUG_INFO = YES;
				ONLY_ACTIVE_ARCH = YES;
				SDKROOT = iphoneos;
				TARGETED_DEVICE_FAMILY = "1,2";
			};
			name = Debug;
		};
		6EB16E701D3776790074DC88 /* Release */ = {
			isa = XCBuildConfiguration;
			buildSettings = {
				ALWAYS_SEARCH_USER_PATHS = NO;
				CLANG_ANALYZER_NONNULL = YES;
				CLANG_CXX_LANGUAGE_STANDARD = "gnu++0x";
				CLANG_CXX_LIBRARY = "libc++";
				CLANG_ENABLE_MODULES = YES;
				CLANG_ENABLE_OBJC_ARC = YES;
				CLANG_WARN_BOOL_CONVERSION = YES;
				CLANG_WARN_CONSTANT_CONVERSION = YES;
				CLANG_WARN_DIRECT_OBJC_ISA_USAGE = YES_ERROR;
				CLANG_WARN_EMPTY_BODY = YES;
				CLANG_WARN_ENUM_CONVERSION = YES;
				CLANG_WARN_INT_CONVERSION = YES;
				CLANG_WARN_OBJC_ROOT_CLASS = YES_ERROR;
				CLANG_WARN_UNREACHABLE_CODE = YES;
				CLANG_WARN__DUPLICATE_METHOD_MATCH = YES;
				"CODE_SIGN_IDENTITY[sdk=iphoneos*]" = "iPhone Developer";
				COPY_PHASE_STRIP = NO;
				DEBUG_INFORMATION_FORMAT = "dwarf-with-dsym";
				ENABLE_NS_ASSERTIONS = NO;
				ENABLE_STRICT_OBJC_MSGSEND = YES;
				GCC_C_LANGUAGE_STANDARD = gnu99;
				GCC_NO_COMMON_BLOCKS = YES;
				GCC_WARN_64_TO_32_BIT_CONVERSION = YES;
				GCC_WARN_ABOUT_RETURN_TYPE = YES_ERROR;
				GCC_WARN_UNDECLARED_SELECTOR = YES;
				GCC_WARN_UNINITIALIZED_AUTOS = YES_AGGRESSIVE;
				GCC_WARN_UNUSED_FUNCTION = YES;
				GCC_WARN_UNUSED_VARIABLE = YES;
				IPHONEOS_DEPLOYMENT_TARGET = 9.3;
				MTL_ENABLE_DEBUG_INFO = NO;
				SDKROOT = iphoneos;
				TARGETED_DEVICE_FAMILY = "1,2";
				VALIDATE_PRODUCT = YES;
			};
			name = Release;
		};
		6EB16E721D3776790074DC88 /* Debug */ = {
			isa = XCBuildConfiguration;
			buildSettings = {
				ASSETCATALOG_COMPILER_APPICON_NAME = AppIcon;
				INFOPLIST_FILE = BoneGrayPodTest/Info.plist;
				LD_RUNPATH_SEARCH_PATHS = "$(inherited) @executable_path/Frameworks";
				PRODUCT_BUNDLE_IDENTIFIER = sol.BoneGrayPodTest;
				PRODUCT_NAME = "$(TARGET_NAME)";
			};
			name = Debug;
		};
		6EB16E731D3776790074DC88 /* Release */ = {
			isa = XCBuildConfiguration;
			buildSettings = {
				ASSETCATALOG_COMPILER_APPICON_NAME = AppIcon;
				INFOPLIST_FILE = BoneGrayPodTest/Info.plist;
				LD_RUNPATH_SEARCH_PATHS = "$(inherited) @executable_path/Frameworks";
				PRODUCT_BUNDLE_IDENTIFIER = sol.BoneGrayPodTest;
				PRODUCT_NAME = "$(TARGET_NAME)";
			};
			name = Release;
		};
		6EB16E751D3776790074DC88 /* Debug */ = {
			isa = XCBuildConfiguration;
			buildSettings = {
				BUNDLE_LOADER = "$(TEST_HOST)";
				INFOPLIST_FILE = BoneGrayPodTestTests/Info.plist;
				LD_RUNPATH_SEARCH_PATHS = "$(inherited) @executable_path/Frameworks @loader_path/Frameworks";
				PRODUCT_BUNDLE_IDENTIFIER = sol.BoneGrayPodTestTests;
				PRODUCT_NAME = "$(TARGET_NAME)";
				TEST_HOST = "$(BUILT_PRODUCTS_DIR)/BoneGrayPodTest.app/BoneGrayPodTest";
			};
			name = Debug;
		};
		6EB16E761D3776790074DC88 /* Release */ = {
			isa = XCBuildConfiguration;
			buildSettings = {
				BUNDLE_LOADER = "$(TEST_HOST)";
				INFOPLIST_FILE = BoneGrayPodTestTests/Info.plist;
				LD_RUNPATH_SEARCH_PATHS = "$(inherited) @executable_path/Frameworks @loader_path/Frameworks";
				PRODUCT_BUNDLE_IDENTIFIER = sol.BoneGrayPodTestTests;
				PRODUCT_NAME = "$(TARGET_NAME)";
				TEST_HOST = "$(BUILT_PRODUCTS_DIR)/BoneGrayPodTest.app/BoneGrayPodTest";
			};
			name = Release;
		};
		6EB16E781D3776790074DC88 /* Debug */ = {
			isa = XCBuildConfiguration;
			buildSettings = {
				INFOPLIST_FILE = BoneGrayPodTestUITests/Info.plist;
				LD_RUNPATH_SEARCH_PATHS = "$(inherited) @executable_path/Frameworks @loader_path/Frameworks";
				PRODUCT_BUNDLE_IDENTIFIER = sol.BoneGrayPodTestUITests;
				PRODUCT_NAME = "$(TARGET_NAME)";
				TEST_TARGET_NAME = BoneGrayPodTest;
			};
			name = Debug;
		};
		6EB16E791D3776790074DC88 /* Release */ = {
			isa = XCBuildConfiguration;
			buildSettings = {
				INFOPLIST_FILE = BoneGrayPodTestUITests/Info.plist;
				LD_RUNPATH_SEARCH_PATHS = "$(inherited) @executable_path/Frameworks @loader_path/Frameworks";
				PRODUCT_BUNDLE_IDENTIFIER = sol.BoneGrayPodTestUITests;
				PRODUCT_NAME = "$(TARGET_NAME)";
				TEST_TARGET_NAME = BoneGrayPodTest;
			};
			name = Release;
		};
/* End XCBuildConfiguration section */

/* Begin XCConfigurationList section */
		6EB16E3F1D3776790074DC88 /* Build configuration list for PBXProject "BoneGrayPodTest" */ = {
			isa = XCConfigurationList;
			buildConfigurations = (
				6EB16E6F1D3776790074DC88 /* Debug */,
				6EB16E701D3776790074DC88 /* Release */,
			);
			defaultConfigurationIsVisible = 0;
			defaultConfigurationName = Release;
		};
		6EB16E711D3776790074DC88 /* Build configuration list for PBXNativeTarget "BoneGrayPodTest" */ = {
			isa = XCConfigurationList;
			buildConfigurations = (
				6EB16E721D3776790074DC88 /* Debug */,
				6EB16E731D3776790074DC88 /* Release */,
			);
			defaultConfigurationIsVisible = 0;
			defaultConfigurationName = Release;
		};
		6EB16E741D3776790074DC88 /* Build configuration list for PBXNativeTarget "BoneGrayPodTestTests" */ = {
			isa = XCConfigurationList;
			buildConfigurations = (
				6EB16E751D3776790074DC88 /* Debug */,
				6EB16E761D3776790074DC88 /* Release */,
			);
			defaultConfigurationIsVisible = 0;
			defaultConfigurationName = Release;
		};
		6EB16E771D3776790074DC88 /* Build configuration list for PBXNativeTarget "BoneGrayPodTestUITests" */ = {
			isa = XCConfigurationList;
			buildConfigurations = (
				6EB16E781D3776790074DC88 /* Debug */,
				6EB16E791D3776790074DC88 /* Release */,
			);
			defaultConfigurationIsVisible = 0;
			defaultConfigurationName = Release;
		};
/* End XCConfigurationList section */
	};
	rootObject = 6EB16E3C1D3776790074DC88 /* Project object */;
}
